# THIS IS AN AUTOGENERATED FILE. DO NOT EDIT THIS FILE DIRECTLY.
# yarn lockfile v1


ember-rfc176-data@^0.3.3:
  version "0.3.3"
  resolved "https://registry.yarnpkg.com/ember-rfc176-data/-/ember-rfc176-data-0.3.3.tgz#27fba08d540a7463a4366c48eaa19c5a44971a39"

eslint-plugin-ember@^5.2.0:
  version "5.2.0"
  resolved "https://registry.yarnpkg.com/eslint-plugin-ember/-/eslint-plugin-ember-5.2.0.tgz#fa436e0497dfc01d1d38608229cd616e7c5b6067"
  dependencies:
    ember-rfc176-data "^0.3.3"
    snake-case "^2.1.0"

lower-case@^1.1.1:
  version "1.1.4"
  resolved "https://registry.yarnpkg.com/lower-case/-/lower-case-1.1.4.tgz#9a2cabd1b9e8e0ae993a4bf7d5875c39c42e8eac"

no-case@^2.2.0:
  version "2.3.2"
  resolved "https://registry.yarnpkg.com/no-case/-/no-case-2.3.2.tgz#60b813396be39b3f1288a4c1ed5d1e7d28b464ac"
  dependencies:
    lower-case "^1.1.1"

snake-case@^2.1.0:
  version "2.1.0"
  resolved "https://registry.yarnpkg.com/snake-case/-/snake-case-2.1.0.tgz#41bdb1b73f30ec66a04d4e2cad1b76387d4d6d9f"
  dependencies:
    no-case "^2.2.0"
