# THIS IS AN AUTOGENERATED FILE. DO NOT EDIT THIS FILE DIRECTLY.
# yarn lockfile v1


"@ember-data/rfc395-data@^0.0.4":
  version "0.0.4"
  resolved "https://registry.yarnpkg.com/@ember-data/rfc395-data/-/rfc395-data-0.0.4.tgz#ecb86efdf5d7733a76ff14ea651a1b0ed1f8a843"
  integrity sha512-tGRdvgC9/QMQSuSuJV45xoyhI0Pzjm7A9o/MVVA3HakXIImJbbzx/k/6dO9CUEQXIyS2y0fW6C1XaYOG7rY0FQ==

ember-rfc176-data@^0.3.11:
  version "0.3.17"
  resolved "https://registry.yarnpkg.com/ember-rfc176-data/-/ember-rfc176-data-0.3.17.tgz#d4fc6c33abd6ef7b3440c107a28e04417b49860a"
  integrity sha512-EVzTTKqxv9FZbEh6Ktw56YyWRAA0MijKvl7H8C06wVF+8f/cRRz3dXxa4nkwjzyVwx4rzKGuIGq77hxJAQhWWw==

eslint-plugin-ember@^6.10.1:
  version "6.10.1"
  resolved "https://registry.yarnpkg.com/eslint-plugin-ember/-/eslint-plugin-ember-6.10.1.tgz#ca7a5cc28b91a247c31b1686421a66281467f238"
  integrity sha512-RZI0+UoR4xeD6UE3KQCUwbN2nZOIIPaFCCXqBIRXDr0rFuwvknAHqYtDPJVZicvTzNHa4TEZvAKqfbE8t7SztQ==
  dependencies:
    "@ember-data/rfc395-data" "^0.0.4"
    ember-rfc176-data "^0.3.11"
    snake-case "^2.1.0"

lower-case@^1.1.1:
  version "1.1.4"
  resolved "https://registry.yarnpkg.com/lower-case/-/lower-case-1.1.4.tgz#9a2cabd1b9e8e0ae993a4bf7d5875c39c42e8eac"

no-case@^2.2.0:
  version "2.3.2"
  resolved "https://registry.yarnpkg.com/no-case/-/no-case-2.3.2.tgz#60b813396be39b3f1288a4c1ed5d1e7d28b464ac"
  dependencies:
    lower-case "^1.1.1"

snake-case@^2.1.0:
  version "2.1.0"
  resolved "https://registry.yarnpkg.com/snake-case/-/snake-case-2.1.0.tgz#41bdb1b73f30ec66a04d4e2cad1b76387d4d6d9f"
  dependencies:
    no-case "^2.2.0"
