# THIS IS AN AUTOGENERATED FILE. DO NOT EDIT THIS FILE DIRECTLY.
# yarn lockfile v1


ember-rfc176-data@^0.3.9:
  version "0.3.9"
  resolved "https://registry.yarnpkg.com/ember-rfc176-data/-/ember-rfc176-data-0.3.9.tgz#44b6e051ead6c044ea87bd551f402e2cf89a7e3d"
  integrity sha512-EiTo5YQS0Duy0xp9gCP8ekzv9vxirNi7MnIB4zWs+thtWp/mEKgf5mkiiLU2+oo8C5DuavVHhoPQDmyxh8Io1Q==

eslint-plugin-ember@^6.4.1:
  version "6.4.1"
  resolved "https://registry.yarnpkg.com/eslint-plugin-ember/-/eslint-plugin-ember-6.4.1.tgz#9b6fc99bbd86b4f43e9098a5c07c446eb2e64a08"
  integrity sha512-eNzB3t/S4tR+4OhOucufIWs1UUzftxYrk97L7yErz5ETVXht6nEenV7T9FXt+wB2OBMWnlHvCeaSyhhaAR1DBw==
  dependencies:
    ember-rfc176-data "^0.3.9"
    snake-case "^2.1.0"

lower-case@^1.1.1:
  version "1.1.4"
  resolved "https://registry.yarnpkg.com/lower-case/-/lower-case-1.1.4.tgz#9a2cabd1b9e8e0ae993a4bf7d5875c39c42e8eac"

no-case@^2.2.0:
  version "2.3.2"
  resolved "https://registry.yarnpkg.com/no-case/-/no-case-2.3.2.tgz#60b813396be39b3f1288a4c1ed5d1e7d28b464ac"
  dependencies:
    lower-case "^1.1.1"

snake-case@^2.1.0:
  version "2.1.0"
  resolved "https://registry.yarnpkg.com/snake-case/-/snake-case-2.1.0.tgz#41bdb1b73f30ec66a04d4e2cad1b76387d4d6d9f"
  dependencies:
    no-case "^2.2.0"
